
Microsoft Visual Studio Solution File, Format Version 12.00
# Visual Studio 14
VisualStudioVersion = 14.0.25420.1
MinimumVisualStudioVersion = 10.0.40219.1
Project("{FAE04EC0-301F-11D3-BF4B-00C04F79EFBC}") = "XFlImageButtonListView", "XFlImageButtonListView\XFlImageButtonListView\XFlImageButtonListView.csproj", "{335720E4-48D2-4B2F-BD18-B19F14914402}"
EndProject
Project("{FAE04EC0-301F-11D3-BF4B-00C04F79EFBC}") = "XFlImageButtonListView.Droid", "XFlImageButtonListView\XFlImageButtonListView.Droid\XFlImageButtonListView.Droid.csproj", "{FA6C8D13-9650-4816-A384-D924DCCC1AA5}"
EndProject
Project("{FAE04EC0-301F-11D3-BF4B-00C04F79EFBC}") = "XFlImageButtonListView.iOS", "XFlImageButtonListView\XFlImageButtonListView.iOS\XFlImageButtonListView.iOS.csproj", "{BF3E1D50-F51E-4775-B426-864E4F9AEAFE}"
EndProject
Project("{FAE04EC0-301F-11D3-BF4B-00C04F79EFBC}") = "XFlImageButtonListView.UWP", "XFlImageButtonListView\XFlImageButtonListView.UWP\XFlImageButtonListView.UWP.csproj", "{EA6075B7-974A-49BE-9896-6F352190EACC}"
EndProject
Global
	GlobalSection(SolutionConfigurationPlatforms) = preSolution
		Ad-Hoc|Any CPU = Ad-Hoc|Any CPU
		Ad-Hoc|ARM = Ad-Hoc|ARM
		Ad-Hoc|iPhone = Ad-Hoc|iPhone
		Ad-Hoc|iPhoneSimulator = Ad-Hoc|iPhoneSimulator
		Ad-Hoc|x64 = Ad-Hoc|x64
		Ad-Hoc|x86 = Ad-Hoc|x86
		AppStore|Any CPU = AppStore|Any CPU
		AppStore|ARM = AppStore|ARM
		AppStore|iPhone = AppStore|iPhone
		AppStore|iPhoneSimulator = AppStore|iPhoneSimulator
		AppStore|x64 = AppStore|x64
		AppStore|x86 = AppStore|x86
		Debug|Any CPU = Debug|Any CPU
		Debug|ARM = Debug|ARM
		Debug|iPhone = Debug|iPhone
		Debug|iPhoneSimulator = Debug|iPhoneSimulator
		Debug|x64 = Debug|x64
		Debug|x86 = Debug|x86
		Release|Any CPU = Release|Any CPU
		Release|ARM = Release|ARM
		Release|iPhone = Release|iPhone
		Release|iPhoneSimulator = Release|iPhoneSimulator
		Release|x64 = Release|x64
		Release|x86 = Release|x86
	EndGlobalSection
	GlobalSection(ProjectConfigurationPlatforms) = postSolution
		{335720E4-48D2-4B2F-BD18-B19F14914402}.Ad-Hoc|Any CPU.ActiveCfg = Release|Any CPU
		{335720E4-48D2-4B2F-BD18-B19F14914402}.Ad-Hoc|Any CPU.Build.0 = Release|Any CPU
		{335720E4-48D2-4B2F-BD18-B19F14914402}.Ad-Hoc|ARM.ActiveCfg = Release|Any CPU
		{335720E4-48D2-4B2F-BD18-B19F14914402}.Ad-Hoc|ARM.Build.0 = Release|Any CPU
		{335720E4-48D2-4B2F-BD18-B19F14914402}.Ad-Hoc|iPhone.ActiveCfg = Release|Any CPU
		{335720E4-48D2-4B2F-BD18-B19F14914402}.Ad-Hoc|iPhone.Build.0 = Release|Any CPU
		{335720E4-48D2-4B2F-BD18-B19F14914402}.Ad-Hoc|iPhoneSimulator.ActiveCfg = Release|Any CPU
		{335720E4-48D2-4B2F-BD18-B19F14914402}.Ad-Hoc|iPhoneSimulator.Build.0 = Release|Any CPU
		{335720E4-48D2-4B2F-BD18-B19F14914402}.Ad-Hoc|x64.ActiveCfg = Release|Any CPU
		{335720E4-48D2-4B2F-BD18-B19F14914402}.Ad-Hoc|x64.Build.0 = Release|Any CPU
		{335720E4-48D2-4B2F-BD18-B19F14914402}.Ad-Hoc|x86.ActiveCfg = Release|Any CPU
		{335720E4-48D2-4B2F-BD18-B19F14914402}.Ad-Hoc|x86.Build.0 = Release|Any CPU
		{335720E4-48D2-4B2F-BD18-B19F14914402}.AppStore|Any CPU.ActiveCfg = Release|Any CPU
		{335720E4-48D2-4B2F-BD18-B19F14914402}.AppStore|Any CPU.Build.0 = Release|Any CPU
		{335720E4-48D2-4B2F-BD18-B19F14914402}.AppStore|ARM.ActiveCfg = Release|Any CPU
		{335720E4-48D2-4B2F-BD18-B19F14914402}.AppStore|ARM.Build.0 = Release|Any CPU
		{335720E4-48D2-4B2F-BD18-B19F14914402}.AppStore|iPhone.ActiveCfg = Release|Any CPU
		{335720E4-48D2-4B2F-BD18-B19F14914402}.AppStore|iPhone.Build.0 = Release|Any CPU
		{335720E4-48D2-4B2F-BD18-B19F14914402}.AppStore|iPhoneSimulator.ActiveCfg = Release|Any CPU
		{335720E4-48D2-4B2F-BD18-B19F14914402}.AppStore|iPhoneSimulator.Build.0 = Release|Any CPU
		{335720E4-48D2-4B2F-BD18-B19F14914402}.AppStore|x64.ActiveCfg = Release|Any CPU
		{335720E4-48D2-4B2F-BD18-B19F14914402}.AppStore|x64.Build.0 = Release|Any CPU
		{335720E4-48D2-4B2F-BD18-B19F14914402}.AppStore|x86.ActiveCfg = Release|Any CPU
		{335720E4-48D2-4B2F-BD18-B19F14914402}.AppStore|x86.Build.0 = Release|Any CPU
		{335720E4-48D2-4B2F-BD18-B19F14914402}.Debug|Any CPU.ActiveCfg = Debug|Any CPU
		{335720E4-48D2-4B2F-BD18-B19F14914402}.Debug|Any CPU.Build.0 = Debug|Any CPU
		{335720E4-48D2-4B2F-BD18-B19F14914402}.Debug|ARM.ActiveCfg = Debug|Any CPU
		{335720E4-48D2-4B2F-BD18-B19F14914402}.Debug|ARM.Build.0 = Debug|Any CPU
		{335720E4-48D2-4B2F-BD18-B19F14914402}.Debug|iPhone.ActiveCfg = Debug|Any CPU
		{335720E4-48D2-4B2F-BD18-B19F14914402}.Debug|iPhone.Build.0 = Debug|Any CPU
		{335720E4-48D2-4B2F-BD18-B19F14914402}.Debug|iPhoneSimulator.ActiveCfg = Debug|Any CPU
		{335720E4-48D2-4B2F-BD18-B19F14914402}.Debug|iPhoneSimulator.Build.0 = Debug|Any CPU
		{335720E4-48D2-4B2F-BD18-B19F14914402}.Debug|x64.ActiveCfg = Debug|Any CPU
		{335720E4-48D2-4B2F-BD18-B19F14914402}.Debug|x64.Build.0 = Debug|Any CPU
		{335720E4-48D2-4B2F-BD18-B19F14914402}.Debug|x86.ActiveCfg = Debug|Any CPU
		{335720E4-48D2-4B2F-BD18-B19F14914402}.Debug|x86.Build.0 = Debug|Any CPU
		{335720E4-48D2-4B2F-BD18-B19F14914402}.Release|Any CPU.ActiveCfg = Release|Any CPU
		{335720E4-48D2-4B2F-BD18-B19F14914402}.Release|Any CPU.Build.0 = Release|Any CPU
		{335720E4-48D2-4B2F-BD18-B19F14914402}.Release|ARM.ActiveCfg = Release|Any CPU
		{335720E4-48D2-4B2F-BD18-B19F14914402}.Release|ARM.Build.0 = Release|Any CPU
		{335720E4-48D2-4B2F-BD18-B19F14914402}.Release|iPhone.ActiveCfg = Release|Any CPU
		{335720E4-48D2-4B2F-BD18-B19F14914402}.Release|iPhone.Build.0 = Release|Any CPU
		{335720E4-48D2-4B2F-BD18-B19F14914402}.Release|iPhoneSimulator.ActiveCfg = Release|Any CPU
		{335720E4-48D2-4B2F-BD18-B19F14914402}.Release|iPhoneSimulator.Build.0 = Release|Any CPU
		{335720E4-48D2-4B2F-BD18-B19F14914402}.Release|x64.ActiveCfg = Release|Any CPU
		{335720E4-48D2-4B2F-BD18-B19F14914402}.Release|x64.Build.0 = Release|Any CPU
		{335720E4-48D2-4B2F-BD18-B19F14914402}.Release|x86.ActiveCfg = Release|Any CPU
		{335720E4-48D2-4B2F-BD18-B19F14914402}.Release|x86.Build.0 = Release|Any CPU
		{FA6C8D13-9650-4816-A384-D924DCCC1AA5}.Ad-Hoc|Any CPU.ActiveCfg = Release|Any CPU
		{FA6C8D13-9650-4816-A384-D924DCCC1AA5}.Ad-Hoc|Any CPU.Build.0 = Release|Any CPU
		{FA6C8D13-9650-4816-A384-D924DCCC1AA5}.Ad-Hoc|Any CPU.Deploy.0 = Release|Any CPU
		{FA6C8D13-9650-4816-A384-D924DCCC1AA5}.Ad-Hoc|ARM.ActiveCfg = Release|Any CPU
		{FA6C8D13-9650-4816-A384-D924DCCC1AA5}.Ad-Hoc|ARM.Build.0 = Release|Any CPU
		{FA6C8D13-9650-4816-A384-D924DCCC1AA5}.Ad-Hoc|ARM.Deploy.0 = Release|Any CPU
		{FA6C8D13-9650-4816-A384-D924DCCC1AA5}.Ad-Hoc|iPhone.ActiveCfg = Release|Any CPU
		{FA6C8D13-9650-4816-A384-D924DCCC1AA5}.Ad-Hoc|iPhone.Build.0 = Release|Any CPU
		{FA6C8D13-9650-4816-A384-D924DCCC1AA5}.Ad-Hoc|iPhone.Deploy.0 = Release|Any CPU
		{FA6C8D13-9650-4816-A384-D924DCCC1AA5}.Ad-Hoc|iPhoneSimulator.ActiveCfg = Release|Any CPU
		{FA6C8D13-9650-4816-A384-D924DCCC1AA5}.Ad-Hoc|iPhoneSimulator.Build.0 = Release|Any CPU
		{FA6C8D13-9650-4816-A384-D924DCCC1AA5}.Ad-Hoc|iPhoneSimulator.Deploy.0 = Release|Any CPU
		{FA6C8D13-9650-4816-A384-D924DCCC1AA5}.Ad-Hoc|x64.ActiveCfg = Release|Any CPU
		{FA6C8D13-9650-4816-A384-D924DCCC1AA5}.Ad-Hoc|x64.Build.0 = Release|Any CPU
		{FA6C8D13-9650-4816-A384-D924DCCC1AA5}.Ad-Hoc|x64.Deploy.0 = Release|Any CPU
		{FA6C8D13-9650-4816-A384-D924DCCC1AA5}.Ad-Hoc|x86.ActiveCfg = Release|Any CPU
		{FA6C8D13-9650-4816-A384-D924DCCC1AA5}.Ad-Hoc|x86.Build.0 = Release|Any CPU
		{FA6C8D13-9650-4816-A384-D924DCCC1AA5}.Ad-Hoc|x86.Deploy.0 = Release|Any CPU
		{FA6C8D13-9650-4816-A384-D924DCCC1AA5}.AppStore|Any CPU.ActiveCfg = Release|Any CPU
		{FA6C8D13-9650-4816-A384-D924DCCC1AA5}.AppStore|Any CPU.Build.0 = Release|Any CPU
		{FA6C8D13-9650-4816-A384-D924DCCC1AA5}.AppStore|Any CPU.Deploy.0 = Release|Any CPU
		{FA6C8D13-9650-4816-A384-D924DCCC1AA5}.AppStore|ARM.ActiveCfg = Release|Any CPU
		{FA6C8D13-9650-4816-A384-D924DCCC1AA5}.AppStore|ARM.Build.0 = Release|Any CPU
		{FA6C8D13-9650-4816-A384-D924DCCC1AA5}.AppStore|ARM.Deploy.0 = Release|Any CPU
		{FA6C8D13-9650-4816-A384-D924DCCC1AA5}.AppStore|iPhone.ActiveCfg = Release|Any CPU
		{FA6C8D13-9650-4816-A384-D924DCCC1AA5}.AppStore|iPhone.Build.0 = Release|Any CPU
		{FA6C8D13-9650-4816-A384-D924DCCC1AA5}.AppStore|iPhone.Deploy.0 = Release|Any CPU
		{FA6C8D13-9650-4816-A384-D924DCCC1AA5}.AppStore|iPhoneSimulator.ActiveCfg = Release|Any CPU
		{FA6C8D13-9650-4816-A384-D924DCCC1AA5}.AppStore|iPhoneSimulator.Build.0 = Release|Any CPU
		{FA6C8D13-9650-4816-A384-D924DCCC1AA5}.AppStore|iPhoneSimulator.Deploy.0 = Release|Any CPU
		{FA6C8D13-9650-4816-A384-D924DCCC1AA5}.AppStore|x64.ActiveCfg = Release|Any CPU
		{FA6C8D13-9650-4816-A384-D924DCCC1AA5}.AppStore|x64.Build.0 = Release|Any CPU
		{FA6C8D13-9650-4816-A384-D924DCCC1AA5}.AppStore|x64.Deploy.0 = Release|Any CPU
		{FA6C8D13-9650-4816-A384-D924DCCC1AA5}.AppStore|x86.ActiveCfg = Release|Any CPU
		{FA6C8D13-9650-4816-A384-D924DCCC1AA5}.AppStore|x86.Build.0 = Release|Any CPU
		{FA6C8D13-9650-4816-A384-D924DCCC1AA5}.AppStore|x86.Deploy.0 = Release|Any CPU
		{FA6C8D13-9650-4816-A384-D924DCCC1AA5}.Debug|Any CPU.ActiveCfg = Debug|Any CPU
		{FA6C8D13-9650-4816-A384-D924DCCC1AA5}.Debug|Any CPU.Build.0 = Debug|Any CPU
		{FA6C8D13-9650-4816-A384-D924DCCC1AA5}.Debug|Any CPU.Deploy.0 = Debug|Any CPU
		{FA6C8D13-9650-4816-A384-D924DCCC1AA5}.Debug|ARM.ActiveCfg = Debug|Any CPU
		{FA6C8D13-9650-4816-A384-D924DCCC1AA5}.Debug|ARM.Build.0 = Debug|Any CPU
		{FA6C8D13-9650-4816-A384-D924DCCC1AA5}.Debug|ARM.Deploy.0 = Debug|Any CPU
		{FA6C8D13-9650-4816-A384-D924DCCC1AA5}.Debug|iPhone.ActiveCfg = Debug|Any CPU
		{FA6C8D13-9650-4816-A384-D924DCCC1AA5}.Debug|iPhone.Build.0 = Debug|Any CPU
		{FA6C8D13-9650-4816-A384-D924DCCC1AA5}.Debug|iPhone.Deploy.0 = Debug|Any CPU
		{FA6C8D13-9650-4816-A384-D924DCCC1AA5}.Debug|iPhoneSimulator.ActiveCfg = Debug|Any CPU
		{FA6C8D13-9650-4816-A384-D924DCCC1AA5}.Debug|iPhoneSimulator.Build.0 = Debug|Any CPU
		{FA6C8D13-9650-4816-A384-D924DCCC1AA5}.Debug|iPhoneSimulator.Deploy.0 = Debug|Any CPU
		{FA6C8D13-9650-4816-A384-D924DCCC1AA5}.Debug|x64.ActiveCfg = Debug|Any CPU
		{FA6C8D13-9650-4816-A384-D924DCCC1AA5}.Debug|x64.Build.0 = Debug|Any CPU
		{FA6C8D13-9650-4816-A384-D924DCCC1AA5}.Debug|x64.Deploy.0 = Debug|Any CPU
		{FA6C8D13-9650-4816-A384-D924DCCC1AA5}.Debug|x86.ActiveCfg = Debug|Any CPU
		{FA6C8D13-9650-4816-A384-D924DCCC1AA5}.Debug|x86.Build.0 = Debug|Any CPU
		{FA6C8D13-9650-4816-A384-D924DCCC1AA5}.Debug|x86.Deploy.0 = Debug|Any CPU
		{FA6C8D13-9650-4816-A384-D924DCCC1AA5}.Release|Any CPU.ActiveCfg = Release|Any CPU
		{FA6C8D13-9650-4816-A384-D924DCCC1AA5}.Release|Any CPU.Build.0 = Release|Any CPU
		{FA6C8D13-9650-4816-A384-D924DCCC1AA5}.Release|Any CPU.Deploy.0 = Release|Any CPU
		{FA6C8D13-9650-4816-A384-D924DCCC1AA5}.Release|ARM.ActiveCfg = Release|Any CPU
		{FA6C8D13-9650-4816-A384-D924DCCC1AA5}.Release|ARM.Build.0 = Release|Any CPU
		{FA6C8D13-9650-4816-A384-D924DCCC1AA5}.Release|ARM.Deploy.0 = Release|Any CPU
		{FA6C8D13-9650-4816-A384-D924DCCC1AA5}.Release|iPhone.ActiveCfg = Release|Any CPU
		{FA6C8D13-9650-4816-A384-D924DCCC1AA5}.Release|iPhone.Build.0 = Release|Any CPU
		{FA6C8D13-9650-4816-A384-D924DCCC1AA5}.Release|iPhone.Deploy.0 = Release|Any CPU
		{FA6C8D13-9650-4816-A384-D924DCCC1AA5}.Release|iPhoneSimulator.ActiveCfg = Release|Any CPU
		{FA6C8D13-9650-4816-A384-D924DCCC1AA5}.Release|iPhoneSimulator.Build.0 = Release|Any CPU
		{FA6C8D13-9650-4816-A384-D924DCCC1AA5}.Release|iPhoneSimulator.Deploy.0 = Release|Any CPU
		{FA6C8D13-9650-4816-A384-D924DCCC1AA5}.Release|x64.ActiveCfg = Release|Any CPU
		{FA6C8D13-9650-4816-A384-D924DCCC1AA5}.Release|x64.Build.0 = Release|Any CPU
		{FA6C8D13-9650-4816-A384-D924DCCC1AA5}.Release|x64.Deploy.0 = Release|Any CPU
		{FA6C8D13-9650-4816-A384-D924DCCC1AA5}.Release|x86.ActiveCfg = Release|Any CPU
		{FA6C8D13-9650-4816-A384-D924DCCC1AA5}.Release|x86.Build.0 = Release|Any CPU
		{FA6C8D13-9650-4816-A384-D924DCCC1AA5}.Release|x86.Deploy.0 = Release|Any CPU
		{BF3E1D50-F51E-4775-B426-864E4F9AEAFE}.Ad-Hoc|Any CPU.ActiveCfg = Ad-Hoc|iPhone
		{BF3E1D50-F51E-4775-B426-864E4F9AEAFE}.Ad-Hoc|ARM.ActiveCfg = Ad-Hoc|iPhone
		{BF3E1D50-F51E-4775-B426-864E4F9AEAFE}.Ad-Hoc|iPhone.ActiveCfg = Ad-Hoc|iPhone
		{BF3E1D50-F51E-4775-B426-864E4F9AEAFE}.Ad-Hoc|iPhone.Build.0 = Ad-Hoc|iPhone
		{BF3E1D50-F51E-4775-B426-864E4F9AEAFE}.Ad-Hoc|iPhoneSimulator.ActiveCfg = Ad-Hoc|iPhoneSimulator
		{BF3E1D50-F51E-4775-B426-864E4F9AEAFE}.Ad-Hoc|iPhoneSimulator.Build.0 = Ad-Hoc|iPhoneSimulator
		{BF3E1D50-F51E-4775-B426-864E4F9AEAFE}.Ad-Hoc|x64.ActiveCfg = Ad-Hoc|iPhone
		{BF3E1D50-F51E-4775-B426-864E4F9AEAFE}.Ad-Hoc|x86.ActiveCfg = Ad-Hoc|iPhone
		{BF3E1D50-F51E-4775-B426-864E4F9AEAFE}.AppStore|Any CPU.ActiveCfg = AppStore|iPhone
		{BF3E1D50-F51E-4775-B426-864E4F9AEAFE}.AppStore|ARM.ActiveCfg = AppStore|iPhone
		{BF3E1D50-F51E-4775-B426-864E4F9AEAFE}.AppStore|iPhone.ActiveCfg = AppStore|iPhone
		{BF3E1D50-F51E-4775-B426-864E4F9AEAFE}.AppStore|iPhone.Build.0 = AppStore|iPhone
		{BF3E1D50-F51E-4775-B426-864E4F9AEAFE}.AppStore|iPhoneSimulator.ActiveCfg = AppStore|iPhoneSimulator
		{BF3E1D50-F51E-4775-B426-864E4F9AEAFE}.AppStore|iPhoneSimulator.Build.0 = AppStore|iPhoneSimulator
		{BF3E1D50-F51E-4775-B426-864E4F9AEAFE}.AppStore|x64.ActiveCfg = AppStore|iPhone
		{BF3E1D50-F51E-4775-B426-864E4F9AEAFE}.AppStore|x86.ActiveCfg = AppStore|iPhone
		{BF3E1D50-F51E-4775-B426-864E4F9AEAFE}.Debug|Any CPU.ActiveCfg = Debug|iPhone
		{BF3E1D50-F51E-4775-B426-864E4F9AEAFE}.Debug|ARM.ActiveCfg = Debug|iPhone
		{BF3E1D50-F51E-4775-B426-864E4F9AEAFE}.Debug|iPhone.ActiveCfg = Debug|iPhone
		{BF3E1D50-F51E-4775-B426-864E4F9AEAFE}.Debug|iPhone.Build.0 = Debug|iPhone
		{BF3E1D50-F51E-4775-B426-864E4F9AEAFE}.Debug|iPhoneSimulator.ActiveCfg = Debug|iPhoneSimulator
		{BF3E1D50-F51E-4775-B426-864E4F9AEAFE}.Debug|iPhoneSimulator.Build.0 = Debug|iPhoneSimulator
		{BF3E1D50-F51E-4775-B426-864E4F9AEAFE}.Debug|x64.ActiveCfg = Debug|iPhone
		{BF3E1D50-F51E-4775-B426-864E4F9AEAFE}.Debug|x86.ActiveCfg = Debug|iPhone
		{BF3E1D50-F51E-4775-B426-864E4F9AEAFE}.Release|Any CPU.ActiveCfg = Release|iPhone
		{BF3E1D50-F51E-4775-B426-864E4F9AEAFE}.Release|ARM.ActiveCfg = Release|iPhone
		{BF3E1D50-F51E-4775-B426-864E4F9AEAFE}.Release|iPhone.ActiveCfg = Release|iPhone
		{BF3E1D50-F51E-4775-B426-864E4F9AEAFE}.Release|iPhone.Build.0 = Release|iPhone
		{BF3E1D50-F51E-4775-B426-864E4F9AEAFE}.Release|iPhoneSimulator.ActiveCfg = Release|iPhoneSimulator
		{BF3E1D50-F51E-4775-B426-864E4F9AEAFE}.Release|iPhoneSimulator.Build.0 = Release|iPhoneSimulator
		{BF3E1D50-F51E-4775-B426-864E4F9AEAFE}.Release|x64.ActiveCfg = Release|iPhone
		{BF3E1D50-F51E-4775-B426-864E4F9AEAFE}.Release|x86.ActiveCfg = Release|iPhone
		{EA6075B7-974A-49BE-9896-6F352190EACC}.Ad-Hoc|Any CPU.ActiveCfg = Release|x86
		{EA6075B7-974A-49BE-9896-6F352190EACC}.Ad-Hoc|Any CPU.Build.0 = Release|x86
		{EA6075B7-974A-49BE-9896-6F352190EACC}.Ad-Hoc|Any CPU.Deploy.0 = Release|x86
		{EA6075B7-974A-49BE-9896-6F352190EACC}.Ad-Hoc|ARM.ActiveCfg = Release|ARM
		{EA6075B7-974A-49BE-9896-6F352190EACC}.Ad-Hoc|ARM.Build.0 = Release|ARM
		{EA6075B7-974A-49BE-9896-6F352190EACC}.Ad-Hoc|ARM.Deploy.0 = Release|ARM
		{EA6075B7-974A-49BE-9896-6F352190EACC}.Ad-Hoc|iPhone.ActiveCfg = Release|x86
		{EA6075B7-974A-49BE-9896-6F352190EACC}.Ad-Hoc|iPhone.Build.0 = Release|x86
		{EA6075B7-974A-49BE-9896-6F352190EACC}.Ad-Hoc|iPhone.Deploy.0 = Release|x86
		{EA6075B7-974A-49BE-9896-6F352190EACC}.Ad-Hoc|iPhoneSimulator.ActiveCfg = Release|x86
		{EA6075B7-974A-49BE-9896-6F352190EACC}.Ad-Hoc|iPhoneSimulator.Build.0 = Release|x86
		{EA6075B7-974A-49BE-9896-6F352190EACC}.Ad-Hoc|iPhoneSimulator.Deploy.0 = Release|x86
		{EA6075B7-974A-49BE-9896-6F352190EACC}.Ad-Hoc|x64.ActiveCfg = Release|x64
		{EA6075B7-974A-49BE-9896-6F352190EACC}.Ad-Hoc|x64.Build.0 = Release|x64
		{EA6075B7-974A-49BE-9896-6F352190EACC}.Ad-Hoc|x64.Deploy.0 = Release|x64
		{EA6075B7-974A-49BE-9896-6F352190EACC}.Ad-Hoc|x86.ActiveCfg = Release|x86
		{EA6075B7-974A-49BE-9896-6F352190EACC}.Ad-Hoc|x86.Build.0 = Release|x86
		{EA6075B7-974A-49BE-9896-6F352190EACC}.Ad-Hoc|x86.Deploy.0 = Release|x86
		{EA6075B7-974A-49BE-9896-6F352190EACC}.AppStore|Any CPU.ActiveCfg = Release|x86
		{EA6075B7-974A-49BE-9896-6F352190EACC}.AppStore|Any CPU.Build.0 = Release|x86
		{EA6075B7-974A-49BE-9896-6F352190EACC}.AppStore|Any CPU.Deploy.0 = Release|x86
		{EA6075B7-974A-49BE-9896-6F352190EACC}.AppStore|ARM.ActiveCfg = Release|ARM
		{EA6075B7-974A-49BE-9896-6F352190EACC}.AppStore|ARM.Build.0 = Release|ARM
		{EA6075B7-974A-49BE-9896-6F352190EACC}.AppStore|ARM.Deploy.0 = Release|ARM
		{EA6075B7-974A-49BE-9896-6F352190EACC}.AppStore|iPhone.ActiveCfg = Release|x86
		{EA6075B7-974A-49BE-9896-6F352190EACC}.AppStore|iPhone.Build.0 = Release|x86
		{EA6075B7-974A-49BE-9896-6F352190EACC}.AppStore|iPhone.Deploy.0 = Release|x86
		{EA6075B7-974A-49BE-9896-6F352190EACC}.AppStore|iPhoneSimulator.ActiveCfg = Release|x86
		{EA6075B7-974A-49BE-9896-6F352190EACC}.AppStore|iPhoneSimulator.Build.0 = Release|x86
		{EA6075B7-974A-49BE-9896-6F352190EACC}.AppStore|iPhoneSimulator.Deploy.0 = Release|x86
		{EA6075B7-974A-49BE-9896-6F352190EACC}.AppStore|x64.ActiveCfg = Release|x64
		{EA6075B7-974A-49BE-9896-6F352190EACC}.AppStore|x64.Build.0 = Release|x64
		{EA6075B7-974A-49BE-9896-6F352190EACC}.AppStore|x64.Deploy.0 = Release|x64
		{EA6075B7-974A-49BE-9896-6F352190EACC}.AppStore|x86.ActiveCfg = Release|x86
		{EA6075B7-974A-49BE-9896-6F352190EACC}.AppStore|x86.Build.0 = Release|x86
		{EA6075B7-974A-49BE-9896-6F352190EACC}.AppStore|x86.Deploy.0 = Release|x86
		{EA6075B7-974A-49BE-9896-6F352190EACC}.Debug|Any CPU.ActiveCfg = Debug|x86
		{EA6075B7-974A-49BE-9896-6F352190EACC}.Debug|ARM.ActiveCfg = Debug|ARM
		{EA6075B7-974A-49BE-9896-6F352190EACC}.Debug|ARM.Build.0 = Debug|ARM
		{EA6075B7-974A-49BE-9896-6F352190EACC}.Debug|ARM.Deploy.0 = Debug|ARM
		{EA6075B7-974A-49BE-9896-6F352190EACC}.Debug|iPhone.ActiveCfg = Debug|x86
		{EA6075B7-974A-49BE-9896-6F352190EACC}.Debug|iPhoneSimulator.ActiveCfg = Debug|x86
		{EA6075B7-974A-49BE-9896-6F352190EACC}.Debug|x64.ActiveCfg = Debug|x64
		{EA6075B7-974A-49BE-9896-6F352190EACC}.Debug|x64.Build.0 = Debug|x64
		{EA6075B7-974A-49BE-9896-6F352190EACC}.Debug|x64.Deploy.0 = Debug|x64
		{EA6075B7-974A-49BE-9896-6F352190EACC}.Debug|x86.ActiveCfg = Debug|x86
		{EA6075B7-974A-49BE-9896-6F352190EACC}.Debug|x86.Build.0 = Debug|x86
		{EA6075B7-974A-49BE-9896-6F352190EACC}.Debug|x86.Deploy.0 = Debug|x86
		{EA6075B7-974A-49BE-9896-6F352190EACC}.Release|Any CPU.ActiveCfg = Release|x86
		{EA6075B7-974A-49BE-9896-6F352190EACC}.Release|ARM.ActiveCfg = Release|ARM
		{EA6075B7-974A-49BE-9896-6F352190EACC}.Release|ARM.Build.0 = Release|ARM
		{EA6075B7-974A-49BE-9896-6F352190EACC}.Release|ARM.Deploy.0 = Release|ARM
		{EA6075B7-974A-49BE-9896-6F352190EACC}.Release|iPhone.ActiveCfg = Release|x86
		{EA6075B7-974A-49BE-9896-6F352190EACC}.Release|iPhoneSimulator.ActiveCfg = Release|x86
		{EA6075B7-974A-49BE-9896-6F352190EACC}.Release|x64.ActiveCfg = Release|x64
		{EA6075B7-974A-49BE-9896-6F352190EACC}.Release|x64.Build.0 = Release|x64
		{EA6075B7-974A-49BE-9896-6F352190EACC}.Release|x64.Deploy.0 = Release|x64
		{EA6075B7-974A-49BE-9896-6F352190EACC}.Release|x86.ActiveCfg = Release|x86
		{EA6075B7-974A-49BE-9896-6F352190EACC}.Release|x86.Build.0 = Release|x86
		{EA6075B7-974A-49BE-9896-6F352190EACC}.Release|x86.Deploy.0 = Release|x86
	EndGlobalSection
	GlobalSection(SolutionProperties) = preSolution
		HideSolutionNode = FALSE
	EndGlobalSection
EndGlobal
